<?xml version="1.0" encoding="utf-8"?>
<Project ToolsVersion="4.0" xmlns="http://schemas.microsoft.com/developer/msbuild/2003">
  <ItemGroup>
    <Filter Include="GitWithVS2015">
      <UniqueIdentifier>{9ced1579-a98c-45b9-b3e0-1fee6b1e71b8}</UniqueIdentifier>
    </Filter>
  </ItemGroup>
  <ItemGroup>
    <Text Include="CouldNotVCOpenDB.txt">
      <Filter>GitWithVS2015</Filter>
    </Text>
  </ItemGroup>
</Project>