<?xml version="1.0" encoding="utf-8"?>
<Project ToolsVersion="4.0" xmlns="http://schemas.microsoft.com/developer/msbuild/2003">
  <ItemGroup>
    <Filter Include="QtAnimationFrameWork">
      <UniqueIdentifier>{a19bcd39-a8f2-4b5d-b091-7e74c96665f9}</UniqueIdentifier>
    </Filter>
  </ItemGroup>
  <ItemGroup>
    <ClCompile Include="Qt_Notes.cpp">
      <Filter>QtAnimationFrameWork</Filter>
    </ClCompile>
  </ItemGroup>
</Project>