<?xml version="1.0" encoding="utf-8"?>
<Project ToolsVersion="4.0" xmlns="http://schemas.microsoft.com/developer/msbuild/2003">
  <ItemGroup>
    <Filter Include="QtAnimationFrameWork">
      <UniqueIdentifier>{a19bcd39-a8f2-4b5d-b091-7e74c96665f9}</UniqueIdentifier>
    </Filter>
    <Filter Include="Image">
      <UniqueIdentifier>{39c2d5d6-747b-40a6-8762-980cc45d8cc2}</UniqueIdentifier>
    </Filter>
    <Filter Include="Image\QPixmap">
      <UniqueIdentifier>{4b56b163-6ea2-4a29-8714-8f1c79098a35}</UniqueIdentifier>
    </Filter>
    <Filter Include="Style">
      <UniqueIdentifier>{ead7bdf3-c591-478b-856e-23d0c29c3e1b}</UniqueIdentifier>
    </Filter>
    <Filter Include="Painter">
      <UniqueIdentifier>{45619d5a-b579-47db-a31d-2ea976c2ac4d}</UniqueIdentifier>
    </Filter>
    <Filter Include="QtWidgets">
      <UniqueIdentifier>{dac65337-6be6-45ed-83d6-5707652b2955}</UniqueIdentifier>
    </Filter>
    <Filter Include="EventSystem">
      <UniqueIdentifier>{30d101db-11df-471f-96f6-6d80e07a0999}</UniqueIdentifier>
    </Filter>
    <Filter Include="Qtcore">
      <UniqueIdentifier>{9fee5580-91c2-42d5-b224-a075f5dbc90f}</UniqueIdentifier>
    </Filter>
    <Filter Include="Qtcore\QObject">
      <UniqueIdentifier>{aa8dc0e3-2984-4b72-b030-4c0fcf7aac5c}</UniqueIdentifier>
    </Filter>
  </ItemGroup>
  <ItemGroup>
    <ClCompile Include="Qt_Notes.cpp">
      <Filter>QtAnimationFrameWork</Filter>
    </ClCompile>
    <ClCompile Include="QRegularExpression.txt">
      <Filter>Qtcore</Filter>
    </ClCompile>
  </ItemGroup>
  <ItemGroup>
    <None Include="QPixmapNotes.txt">
      <Filter>Image\QPixmap</Filter>
    </None>
  </ItemGroup>
  <ItemGroup>
    <Text Include="QStyle.txt">
      <Filter>Style</Filter>
    </Text>
    <Text Include="QPainterPath.txt">
      <Filter>Painter</Filter>
    </Text>
    <Text Include="CustomStyleTitleBarAndFrame.txt">
      <Filter>Style</Filter>
    </Text>
    <Text Include="QWidget.txt">
      <Filter>QtWidgets</Filter>
    </Text>
    <Text Include="QPalette.txt">
      <Filter>Painter</Filter>
    </Text>
    <Text Include="QRegion.txt">
      <Filter>QtWidgets</Filter>
    </Text>
    <Text Include="QEvent.txt">
      <Filter>EventSystem</Filter>
    </Text>
    <Text Include="TheEventSystem.txt">
      <Filter>EventSystem</Filter>
    </Text>
    <Text Include="WindowFlags.txt">
      <Filter>QtWidgets</Filter>
    </Text>
    <Text Include="QObject.txt">
      <Filter>Qtcore\QObject</Filter>
    </Text>
    <Text Include="QMetaEnum.txt">
      <Filter>Qtcore</Filter>
    </Text>
    <Text Include="ThePropertySystem.txt">
      <Filter>Qtcore</Filter>
    </Text>
  </ItemGroup>
</Project>